
Microsoft Visual Studio Solution File, Format Version 12.00
# Visual Studio Version 17
VisualStudioVersion = 17.9.34723.18
MinimumVisualStudioVersion = 10.0.40219.1
Project("{FAE04EC0-301F-11D3-BF4B-00C04F79EFBC}") = "FitBite", "FitBite.csproj", "{1FA60229-D759-48DE-B628-3A1ED5245B42}"
EndProject
Global
	GlobalSection(SolutionConfigurationPlatforms) = preSolution
		Debug|Any CPU = Debug|Any CPU
		Release|Any CPU = Release|Any CPU
	EndGlobalSection
	GlobalSection(ProjectConfigurationPlatforms) = postSolution
		{1FA60229-D759-48DE-B628-3A1ED5245B42}.Debug|Any CPU.ActiveCfg = Debug|Any CPU
		{1FA60229-D759-48DE-B628-3A1ED5245B42}.Debug|Any CPU.Build.0 = Debug|Any CPU
		{1FA60229-D759-48DE-B628-3A1ED5245B42}.Release|Any CPU.ActiveCfg = Release|Any CPU
		{1FA60229-D759-48DE-B628-3A1ED5245B42}.Release|Any CPU.Build.0 = Release|Any CPU
	EndGlobalSection
	GlobalSection(SolutionProperties) = preSolution
		HideSolutionNode = FALSE
	EndGlobalSection
	GlobalSection(ExtensibilityGlobals) = postSolution
		SolutionGuid = {24FE2FDE-D49A-4D39-B644-CA1CC0D8BD29}
	EndGlobalSection
EndGlobal
